
Microsoft Visual Studio Solution File, Format Version 12.00
# Visual Studio 15
VisualStudioVersion = 15.0.28010.2016
MinimumVisualStudioVersion = 10.0.40219.1
Project("{FAE04EC0-301F-11D3-BF4B-00C04F79EFBC}") = "1-3", "1-3\1-3.csproj", "{AFB67B49-A35A-40CC-9F0D-EB4B71737D10}"
EndProject
Global
	GlobalSection(SolutionConfigurationPlatforms) = preSolution
		Debug|Any CPU = Debug|Any CPU
		Release|Any CPU = Release|Any CPU
	EndGlobalSection
	GlobalSection(ProjectConfigurationPlatforms) = postSolution
		{AFB67B49-A35A-40CC-9F0D-EB4B71737D10}.Debug|Any CPU.ActiveCfg = Debug|Any CPU
		{AFB67B49-A35A-40CC-9F0D-EB4B71737D10}.Debug|Any CPU.Build.0 = Debug|Any CPU
		{AFB67B49-A35A-40CC-9F0D-EB4B71737D10}.Release|Any CPU.ActiveCfg = Release|Any CPU
		{AFB67B49-A35A-40CC-9F0D-EB4B71737D10}.Release|Any CPU.Build.0 = Release|Any CPU
	EndGlobalSection
	GlobalSection(SolutionProperties) = preSolution
		HideSolutionNode = FALSE
	EndGlobalSection
	GlobalSection(ExtensibilityGlobals) = postSolution
		SolutionGuid = {D7E5B500-53BB-4CEB-A34E-7F73A50FD38B}
	EndGlobalSection
EndGlobal
