
Microsoft Visual Studio Solution File, Format Version 12.00
# Visual Studio 15
VisualStudioVersion = 15.0.28010.2016
MinimumVisualStudioVersion = 10.0.40219.1
Project("{FAE04EC0-301F-11D3-BF4B-00C04F79EFBC}") = "lotto", "lotto\lotto.csproj", "{5E414A6C-4425-4DA6-A5BD-727AC4A65460}"
EndProject
Global
	GlobalSection(SolutionConfigurationPlatforms) = preSolution
		Debug|Any CPU = Debug|Any CPU
		Release|Any CPU = Release|Any CPU
	EndGlobalSection
	GlobalSection(ProjectConfigurationPlatforms) = postSolution
		{5E414A6C-4425-4DA6-A5BD-727AC4A65460}.Debug|Any CPU.ActiveCfg = Debug|Any CPU
		{5E414A6C-4425-4DA6-A5BD-727AC4A65460}.Debug|Any CPU.Build.0 = Debug|Any CPU
		{5E414A6C-4425-4DA6-A5BD-727AC4A65460}.Release|Any CPU.ActiveCfg = Release|Any CPU
		{5E414A6C-4425-4DA6-A5BD-727AC4A65460}.Release|Any CPU.Build.0 = Release|Any CPU
	EndGlobalSection
	GlobalSection(SolutionProperties) = preSolution
		HideSolutionNode = FALSE
	EndGlobalSection
	GlobalSection(ExtensibilityGlobals) = postSolution
		SolutionGuid = {C6E5F267-B886-4F0D-A9AF-38DA245D7E70}
	EndGlobalSection
EndGlobal
