
Microsoft Visual Studio Solution File, Format Version 12.00
# Visual Studio 15
VisualStudioVersion = 15.0.28010.2016
MinimumVisualStudioVersion = 10.0.40219.1
Project("{FAE04EC0-301F-11D3-BF4B-00C04F79EFBC}") = "HeTu1", "HeTu1\HeTu1.csproj", "{70756E49-48C6-44C8-8030-EB6F24F2B5EA}"
EndProject
Global
	GlobalSection(SolutionConfigurationPlatforms) = preSolution
		Debug|Any CPU = Debug|Any CPU
		Release|Any CPU = Release|Any CPU
	EndGlobalSection
	GlobalSection(ProjectConfigurationPlatforms) = postSolution
		{70756E49-48C6-44C8-8030-EB6F24F2B5EA}.Debug|Any CPU.ActiveCfg = Debug|Any CPU
		{70756E49-48C6-44C8-8030-EB6F24F2B5EA}.Debug|Any CPU.Build.0 = Debug|Any CPU
		{70756E49-48C6-44C8-8030-EB6F24F2B5EA}.Release|Any CPU.ActiveCfg = Release|Any CPU
		{70756E49-48C6-44C8-8030-EB6F24F2B5EA}.Release|Any CPU.Build.0 = Release|Any CPU
	EndGlobalSection
	GlobalSection(SolutionProperties) = preSolution
		HideSolutionNode = FALSE
	EndGlobalSection
	GlobalSection(ExtensibilityGlobals) = postSolution
		SolutionGuid = {5002C590-51BE-4A28-8843-A7E58F3D19F1}
	EndGlobalSection
EndGlobal
