
Microsoft Visual Studio Solution File, Format Version 12.00
# Visual Studio 15
VisualStudioVersion = 15.0.28010.2016
MinimumVisualStudioVersion = 10.0.40219.1
Project("{FAE04EC0-301F-11D3-BF4B-00C04F79EFBC}") = "3-2", "3-2\3-2.csproj", "{4F47262A-EFCB-4938-8B24-F28D27766C1B}"
EndProject
Global
	GlobalSection(SolutionConfigurationPlatforms) = preSolution
		Debug|Any CPU = Debug|Any CPU
		Release|Any CPU = Release|Any CPU
	EndGlobalSection
	GlobalSection(ProjectConfigurationPlatforms) = postSolution
		{4F47262A-EFCB-4938-8B24-F28D27766C1B}.Debug|Any CPU.ActiveCfg = Debug|Any CPU
		{4F47262A-EFCB-4938-8B24-F28D27766C1B}.Debug|Any CPU.Build.0 = Debug|Any CPU
		{4F47262A-EFCB-4938-8B24-F28D27766C1B}.Release|Any CPU.ActiveCfg = Release|Any CPU
		{4F47262A-EFCB-4938-8B24-F28D27766C1B}.Release|Any CPU.Build.0 = Release|Any CPU
	EndGlobalSection
	GlobalSection(SolutionProperties) = preSolution
		HideSolutionNode = FALSE
	EndGlobalSection
	GlobalSection(ExtensibilityGlobals) = postSolution
		SolutionGuid = {40D5894D-E2A2-4D11-A0F3-F6F1BEB24347}
	EndGlobalSection
EndGlobal
