
Microsoft Visual Studio Solution File, Format Version 12.00
# Visual Studio 15
VisualStudioVersion = 15.0.28010.2016
MinimumVisualStudioVersion = 10.0.40219.1
Project("{FAE04EC0-301F-11D3-BF4B-00C04F79EFBC}") = "3-1", "3-1\3-1.csproj", "{BBB6D7B3-2C4A-4065-B8E6-E47BF056E8F8}"
EndProject
Global
	GlobalSection(SolutionConfigurationPlatforms) = preSolution
		Debug|Any CPU = Debug|Any CPU
		Release|Any CPU = Release|Any CPU
	EndGlobalSection
	GlobalSection(ProjectConfigurationPlatforms) = postSolution
		{BBB6D7B3-2C4A-4065-B8E6-E47BF056E8F8}.Debug|Any CPU.ActiveCfg = Debug|Any CPU
		{BBB6D7B3-2C4A-4065-B8E6-E47BF056E8F8}.Debug|Any CPU.Build.0 = Debug|Any CPU
		{BBB6D7B3-2C4A-4065-B8E6-E47BF056E8F8}.Release|Any CPU.ActiveCfg = Release|Any CPU
		{BBB6D7B3-2C4A-4065-B8E6-E47BF056E8F8}.Release|Any CPU.Build.0 = Release|Any CPU
	EndGlobalSection
	GlobalSection(SolutionProperties) = preSolution
		HideSolutionNode = FALSE
	EndGlobalSection
	GlobalSection(ExtensibilityGlobals) = postSolution
		SolutionGuid = {8EE7D98A-7A6A-4F5E-8C12-D7A36BA37433}
	EndGlobalSection
EndGlobal
